
Microsoft Visual Studio Solution File, Format Version 12.00
# Visual Studio Version 17
VisualStudioVersion = 17.0.31410.414
MinimumVisualStudioVersion = 10.0.40219.1
Project("{9A19103F-16F7-4668-BE54-9A1E7A4F7556}") = "OpenTransSharp", "OpenTransSharp\OpenTransSharp.csproj", "{ED725EA5-EDB2-48E7-A98B-E1B46D18BDE6}"
EndProject
Project("{2150E333-8FDC-42A3-9474-1A3956D46DE8}") = "Documentation", "Documentation", "{EE89FD38-12E2-430A-B5BF-819AC29B9ED6}"
EndProject
Project("{2150E333-8FDC-42A3-9474-1A3956D46DE8}") = "en", "en", "{2C009E74-5514-4EDF-BF1B-5E8BFD279B3C}"
	ProjectSection(SolutionItems) = preProject
		Content\en\bmecat_2005_CLASS_en.pdf = Content\en\bmecat_2005_CLASS_en.pdf
		Content\en\bmecat_2005_CONF_en.pdf = Content\en\bmecat_2005_CONF_en.pdf
		Content\en\bmecat_2005_en.pdf = Content\en\bmecat_2005_en.pdf
		Content\en\bmecat_2005_FORM_en.pdf = Content\en\bmecat_2005_FORM_en.pdf
		Content\en\bmecat_2005_IPP_en.pdf = Content\en\bmecat_2005_IPP_en.pdf
		Content\en\opentrans_2_1_en - DISPATCHNOTIFICATION.pdf = Content\en\opentrans_2_1_en - DISPATCHNOTIFICATION.pdf
		Content\en\opentrans_2_1_en - INVOICE.pdf = Content\en\opentrans_2_1_en - INVOICE.pdf
		Content\en\opentrans_2_1_en - INVOICELIST.pdf = Content\en\opentrans_2_1_en - INVOICELIST.pdf
		Content\en\opentrans_2_1_en - ORDER.pdf = Content\en\opentrans_2_1_en - ORDER.pdf
		Content\en\opentrans_2_1_en - ORDERCHANGE.pdf = Content\en\opentrans_2_1_en - ORDERCHANGE.pdf
		Content\en\opentrans_2_1_en - ORDERRESPONSE.pdf = Content\en\opentrans_2_1_en - ORDERRESPONSE.pdf
		Content\en\opentrans_2_1_en - QUOTATION.pdf = Content\en\opentrans_2_1_en - QUOTATION.pdf
		Content\en\opentrans_2_1_en - RECEIPTACKNOWLEDGEMENT.pdf = Content\en\opentrans_2_1_en - RECEIPTACKNOWLEDGEMENT.pdf
		Content\en\opentrans_2_1_en - REMITTANCEADVICE.pdf = Content\en\opentrans_2_1_en - REMITTANCEADVICE.pdf
		Content\en\opentrans_2_1_en - RFQ.pdf = Content\en\opentrans_2_1_en - RFQ.pdf
	EndProjectSection
EndProject
Project("{2150E333-8FDC-42A3-9474-1A3956D46DE8}") = "de", "de", "{18FAC5AD-EC02-4A9F-AA3B-915FCD777A90}"
	ProjectSection(SolutionItems) = preProject
		Content\de\bmecat_2005.pdf = Content\de\bmecat_2005.pdf
		Content\de\bmecat_2005_CLASS.pdf = Content\de\bmecat_2005_CLASS.pdf
		Content\de\bmecat_2005_CONF.pdf = Content\de\bmecat_2005_CONF.pdf
		Content\de\bmecat_2005_FORM.pdf = Content\de\bmecat_2005_FORM.pdf
		Content\de\bmecat_2005_IPP.pdf = Content\de\bmecat_2005_IPP.pdf
		Content\de\opentrans_2_1_de - DISPATCHNOTIFICATION.pdf = Content\de\opentrans_2_1_de - DISPATCHNOTIFICATION.pdf
		Content\de\opentrans_2_1_de - INVOICE.pdf = Content\de\opentrans_2_1_de - INVOICE.pdf
		Content\de\opentrans_2_1_de - INVOICELIST.pdf = Content\de\opentrans_2_1_de - INVOICELIST.pdf
		Content\de\opentrans_2_1_de - ORDER.pdf = Content\de\opentrans_2_1_de - ORDER.pdf
		Content\de\opentrans_2_1_de - ORDERCHANGE.pdf = Content\de\opentrans_2_1_de - ORDERCHANGE.pdf
		Content\de\opentrans_2_1_de - ORDERRESPONSE.pdf = Content\de\opentrans_2_1_de - ORDERRESPONSE.pdf
		Content\de\opentrans_2_1_de - QUOTATION.pdf = Content\de\opentrans_2_1_de - QUOTATION.pdf
		Content\de\opentrans_2_1_de - REMITTANCEADVICE.pdf = Content\de\opentrans_2_1_de - REMITTANCEADVICE.pdf
		Content\de\opentrans_2_1_de - RFQ.pdf = Content\de\opentrans_2_1_de - RFQ.pdf
	EndProjectSection
EndProject
Project("{9A19103F-16F7-4668-BE54-9A1E7A4F7556}") = "OpenTransSharp.Tests", "OpenTransSharp.Tests\OpenTransSharp.Tests.csproj", "{CA797BF4-8EF3-46EC-B1C4-A882E3A68CD1}"
EndProject
Project("{9A19103F-16F7-4668-BE54-9A1E7A4F7556}") = "OpenTransSharp.Microsoft.Extensions.DependencyInjection", "OpenTransSharp.Microsoft.Extensions.DependencyInjection\OpenTransSharp.Microsoft.Extensions.DependencyInjection.csproj", "{CA5C99B7-0B04-4A23-8464-1B7FB7A6BBB6}"
EndProject
Project("{9A19103F-16F7-4668-BE54-9A1E7A4F7556}") = "OpenTransSharp.Microsoft.AspNetCore", "OpenTransSharp.Microsoft.AspNetCore\OpenTransSharp.Microsoft.AspNetCore.csproj", "{75A23855-9351-4301-9849-AD55F35118D9}"
EndProject
Project("{2150E333-8FDC-42A3-9474-1A3956D46DE8}") = "Samples", "Samples", "{CE93CE31-A3B1-4F6C-BF61-ED3E7221F611}"
EndProject
Project("{9A19103F-16F7-4668-BE54-9A1E7A4F7556}") = "OpenTransSharp.Samples.AspNetCore", "OpenTransSharp.Samples.AspNetCore\OpenTransSharp.Samples.AspNetCore.csproj", "{FA900190-37AE-4A7B-8031-F011065C26F8}"
EndProject
Project("{9A19103F-16F7-4668-BE54-9A1E7A4F7556}") = "BMEcatSharp", "BMEcatSharp\BMEcatSharp.csproj", "{915712B6-73CA-44A3-9388-A3170BCDBEFF}"
EndProject
Project("{9A19103F-16F7-4668-BE54-9A1E7A4F7556}") = "OpenTransSharp.XmlSchemaAnalyzer", "OpenTransSharp.XmlSchemaAnalyzer\OpenTransSharp.XmlSchemaAnalyzer.csproj", "{7386DEEC-8FCF-469B-8358-E0FE8288E85B}"
EndProject
Project("{2150E333-8FDC-42A3-9474-1A3956D46DE8}") = "Integrations", "Integrations", "{A73434BC-1673-4D8D-AA7B-6FFCDAAE378C}"
EndProject
Project("{9A19103F-16F7-4668-BE54-9A1E7A4F7556}") = "BMEcatSharp.Microsoft.Extensions.DependencyInjection", "BMEcatSharp.Microsoft.Extensions.DependencyInjection\BMEcatSharp.Microsoft.Extensions.DependencyInjection.csproj", "{F9F15FB5-2FED-48DD-B986-EEA7CBFA80B6}"
EndProject
Project("{9A19103F-16F7-4668-BE54-9A1E7A4F7556}") = "BMEcatSharp.Microsoft.AspNetCore", "BMEcatSharp.Microsoft.AspNetCore\BMEcatSharp.Microsoft.AspNetCore.csproj", "{442F685F-4719-4106-83B3-A10AD652781A}"
EndProject
Project("{9A19103F-16F7-4668-BE54-9A1E7A4F7556}") = "BMEcatSharp.Samples.AspNetCore", "BMEcatSharp.Samples.AspNetCore\BMEcatSharp.Samples.AspNetCore.csproj", "{FAF9628D-2A54-48AA-BCD1-247D52C40588}"
EndProject
Project("{9A19103F-16F7-4668-BE54-9A1E7A4F7556}") = "BMEcatSharp.Tests", "BMEcatSharp.Tests\BMEcatSharp.Tests.csproj", "{F3DE266B-355C-49E2-BE42-83930AF10F7E}"
EndProject
Project("{2150E333-8FDC-42A3-9474-1A3956D46DE8}") = "Utils", "Utils", "{B7A75838-F2F1-47F6-A4E9-03D5C417B0FA}"
EndProject
Project("{2150E333-8FDC-42A3-9474-1A3956D46DE8}") = "Shared", "Shared", "{4330336E-F5AC-4B4D-ADDF-5BA589253795}"
	ProjectSection(SolutionItems) = preProject
		Directory.Build.props = Directory.Build.props
	EndProjectSection
EndProject
Project("{FAE04EC0-301F-11D3-BF4B-00C04F79EFBC}") = "BMEcatSharp.Microsoft.AspNetCore.Tests", "BMEcatSharp.Microsoft.AspNetCore.Tests\BMEcatSharp.Microsoft.AspNetCore.Tests.csproj", "{8F436F30-F866-4096-8556-488CF9752F8A}"
EndProject
Global
	GlobalSection(SolutionConfigurationPlatforms) = preSolution
		Debug|Any CPU = Debug|Any CPU
		Release|Any CPU = Release|Any CPU
	EndGlobalSection
	GlobalSection(ProjectConfigurationPlatforms) = postSolution
		{ED725EA5-EDB2-48E7-A98B-E1B46D18BDE6}.Debug|Any CPU.ActiveCfg = Debug|Any CPU
		{ED725EA5-EDB2-48E7-A98B-E1B46D18BDE6}.Debug|Any CPU.Build.0 = Debug|Any CPU
		{ED725EA5-EDB2-48E7-A98B-E1B46D18BDE6}.Release|Any CPU.ActiveCfg = Release|Any CPU
		{ED725EA5-EDB2-48E7-A98B-E1B46D18BDE6}.Release|Any CPU.Build.0 = Release|Any CPU
		{CA797BF4-8EF3-46EC-B1C4-A882E3A68CD1}.Debug|Any CPU.ActiveCfg = Debug|Any CPU
		{CA797BF4-8EF3-46EC-B1C4-A882E3A68CD1}.Debug|Any CPU.Build.0 = Debug|Any CPU
		{CA797BF4-8EF3-46EC-B1C4-A882E3A68CD1}.Release|Any CPU.ActiveCfg = Release|Any CPU
		{CA797BF4-8EF3-46EC-B1C4-A882E3A68CD1}.Release|Any CPU.Build.0 = Release|Any CPU
		{CA5C99B7-0B04-4A23-8464-1B7FB7A6BBB6}.Debug|Any CPU.ActiveCfg = Debug|Any CPU
		{CA5C99B7-0B04-4A23-8464-1B7FB7A6BBB6}.Debug|Any CPU.Build.0 = Debug|Any CPU
		{CA5C99B7-0B04-4A23-8464-1B7FB7A6BBB6}.Release|Any CPU.ActiveCfg = Release|Any CPU
		{CA5C99B7-0B04-4A23-8464-1B7FB7A6BBB6}.Release|Any CPU.Build.0 = Release|Any CPU
		{75A23855-9351-4301-9849-AD55F35118D9}.Debug|Any CPU.ActiveCfg = Debug|Any CPU
		{75A23855-9351-4301-9849-AD55F35118D9}.Debug|Any CPU.Build.0 = Debug|Any CPU
		{75A23855-9351-4301-9849-AD55F35118D9}.Release|Any CPU.ActiveCfg = Release|Any CPU
		{75A23855-9351-4301-9849-AD55F35118D9}.Release|Any CPU.Build.0 = Release|Any CPU
		{FA900190-37AE-4A7B-8031-F011065C26F8}.Debug|Any CPU.ActiveCfg = Debug|Any CPU
		{FA900190-37AE-4A7B-8031-F011065C26F8}.Debug|Any CPU.Build.0 = Debug|Any CPU
		{FA900190-37AE-4A7B-8031-F011065C26F8}.Release|Any CPU.ActiveCfg = Release|Any CPU
		{FA900190-37AE-4A7B-8031-F011065C26F8}.Release|Any CPU.Build.0 = Release|Any CPU
		{915712B6-73CA-44A3-9388-A3170BCDBEFF}.Debug|Any CPU.ActiveCfg = Debug|Any CPU
		{915712B6-73CA-44A3-9388-A3170BCDBEFF}.Debug|Any CPU.Build.0 = Debug|Any CPU
		{915712B6-73CA-44A3-9388-A3170BCDBEFF}.Release|Any CPU.ActiveCfg = Release|Any CPU
		{915712B6-73CA-44A3-9388-A3170BCDBEFF}.Release|Any CPU.Build.0 = Release|Any CPU
		{7386DEEC-8FCF-469B-8358-E0FE8288E85B}.Debug|Any CPU.ActiveCfg = Debug|Any CPU
		{7386DEEC-8FCF-469B-8358-E0FE8288E85B}.Debug|Any CPU.Build.0 = Debug|Any CPU
		{7386DEEC-8FCF-469B-8358-E0FE8288E85B}.Release|Any CPU.ActiveCfg = Release|Any CPU
		{7386DEEC-8FCF-469B-8358-E0FE8288E85B}.Release|Any CPU.Build.0 = Release|Any CPU
		{F9F15FB5-2FED-48DD-B986-EEA7CBFA80B6}.Debug|Any CPU.ActiveCfg = Debug|Any CPU
		{F9F15FB5-2FED-48DD-B986-EEA7CBFA80B6}.Debug|Any CPU.Build.0 = Debug|Any CPU
		{F9F15FB5-2FED-48DD-B986-EEA7CBFA80B6}.Release|Any CPU.ActiveCfg = Release|Any CPU
		{F9F15FB5-2FED-48DD-B986-EEA7CBFA80B6}.Release|Any CPU.Build.0 = Release|Any CPU
		{442F685F-4719-4106-83B3-A10AD652781A}.Debug|Any CPU.ActiveCfg = Debug|Any CPU
		{442F685F-4719-4106-83B3-A10AD652781A}.Debug|Any CPU.Build.0 = Debug|Any CPU
		{442F685F-4719-4106-83B3-A10AD652781A}.Release|Any CPU.ActiveCfg = Release|Any CPU
		{442F685F-4719-4106-83B3-A10AD652781A}.Release|Any CPU.Build.0 = Release|Any CPU
		{FAF9628D-2A54-48AA-BCD1-247D52C40588}.Debug|Any CPU.ActiveCfg = Debug|Any CPU
		{FAF9628D-2A54-48AA-BCD1-247D52C40588}.Debug|Any CPU.Build.0 = Debug|Any CPU
		{FAF9628D-2A54-48AA-BCD1-247D52C40588}.Release|Any CPU.ActiveCfg = Release|Any CPU
		{FAF9628D-2A54-48AA-BCD1-247D52C40588}.Release|Any CPU.Build.0 = Release|Any CPU
		{F3DE266B-355C-49E2-BE42-83930AF10F7E}.Debug|Any CPU.ActiveCfg = Debug|Any CPU
		{F3DE266B-355C-49E2-BE42-83930AF10F7E}.Debug|Any CPU.Build.0 = Debug|Any CPU
		{F3DE266B-355C-49E2-BE42-83930AF10F7E}.Release|Any CPU.ActiveCfg = Release|Any CPU
		{F3DE266B-355C-49E2-BE42-83930AF10F7E}.Release|Any CPU.Build.0 = Release|Any CPU
		{8F436F30-F866-4096-8556-488CF9752F8A}.Debug|Any CPU.ActiveCfg = Debug|Any CPU
		{8F436F30-F866-4096-8556-488CF9752F8A}.Debug|Any CPU.Build.0 = Debug|Any CPU
		{8F436F30-F866-4096-8556-488CF9752F8A}.Release|Any CPU.ActiveCfg = Release|Any CPU
		{8F436F30-F866-4096-8556-488CF9752F8A}.Release|Any CPU.Build.0 = Release|Any CPU
	EndGlobalSection
	GlobalSection(SolutionProperties) = preSolution
		HideSolutionNode = FALSE
	EndGlobalSection
	GlobalSection(NestedProjects) = preSolution
		{2C009E74-5514-4EDF-BF1B-5E8BFD279B3C} = {EE89FD38-12E2-430A-B5BF-819AC29B9ED6}
		{18FAC5AD-EC02-4A9F-AA3B-915FCD777A90} = {EE89FD38-12E2-430A-B5BF-819AC29B9ED6}
		{CA5C99B7-0B04-4A23-8464-1B7FB7A6BBB6} = {A73434BC-1673-4D8D-AA7B-6FFCDAAE378C}
		{75A23855-9351-4301-9849-AD55F35118D9} = {A73434BC-1673-4D8D-AA7B-6FFCDAAE378C}
		{FA900190-37AE-4A7B-8031-F011065C26F8} = {CE93CE31-A3B1-4F6C-BF61-ED3E7221F611}
		{7386DEEC-8FCF-469B-8358-E0FE8288E85B} = {B7A75838-F2F1-47F6-A4E9-03D5C417B0FA}
		{F9F15FB5-2FED-48DD-B986-EEA7CBFA80B6} = {A73434BC-1673-4D8D-AA7B-6FFCDAAE378C}
		{442F685F-4719-4106-83B3-A10AD652781A} = {A73434BC-1673-4D8D-AA7B-6FFCDAAE378C}
		{FAF9628D-2A54-48AA-BCD1-247D52C40588} = {CE93CE31-A3B1-4F6C-BF61-ED3E7221F611}
		{8F436F30-F866-4096-8556-488CF9752F8A} = {A73434BC-1673-4D8D-AA7B-6FFCDAAE378C}
	EndGlobalSection
	GlobalSection(ExtensibilityGlobals) = postSolution
		SolutionGuid = {931C047F-C277-410A-8351-D9A71F7B58C7}
	EndGlobalSection
EndGlobal
